// !$*UTF8*$!
{
	archiveVersion = 1;
	classes = {
	};
	objectVersion = 52;
	objects = {

/* Begin PBXBuildFile section */
		D673CE0525BA8CAD0042E954 /* SwiftUIDownloadImagesApp.swift in Sources */ = {isa = PBXBuildFile; fileRef = D673CE0425BA8CAD0042E954 /* SwiftUIDownloadImagesApp.swift */; };
		D673CE0725BA8CAD0042E954 /* ContentView.swift in Sources */ = {isa = PBXBuildFile; fileRef = D673CE0625BA8CAD0042E954 /* ContentView.swift */; };
		D673CE0925BA8CAD0042E954 /* Assets.xcassets in Resources */ = {isa = PBXBuildFile; fileRef = D673CE0825BA8CAD0042E954 /* Assets.xcassets */; };
		D673CE0C25BA8CAD0042E954 /* Preview Assets.xcassets in Resources */ = {isa = PBXBuildFile; fileRef = D673CE0B25BA8CAD0042E954 /* Preview Assets.xcassets */; };
		D673CE1625BA8CFF0042E954 /* SwURL in Frameworks */ = {isa = PBXBuildFile; productRef = D673CE1525BA8CFF0042E954 /* SwURL */; };
/* End PBXBuildFile section */

/* Begin PBXFileReference section */
		D673CE0125BA8CAD0042E954 /* SwiftUIDownloadImages.app */ = {isa = PBXFileReference; explicitFileType = wrapper.application; includeInIndex = 0; path = SwiftUIDownloadImages.app; sourceTree = BUILT_PRODUCTS_DIR; };
		D673CE0425BA8CAD0042E954 /* SwiftUIDownloadImagesApp.swift */ = {isa = PBXFileReference; lastKnownFileType = sourcecode.swift; path = SwiftUIDownloadImagesApp.swift; sourceTree = "<group>"; };
		D673CE0625BA8CAD0042E954 /* ContentView.swift */ = {isa = PBXFileReference; lastKnownFileType = sourcecode.swift; path = ContentView.swift; sourceTree = "<group>"; };
		D673CE0825BA8CAD0042E954 /* Assets.xcassets */ = {isa = PBXFileReference; lastKnownFileType = folder.assetcatalog; path = Assets.xcassets; sourceTree = "<group>"; };
		D673CE0B25BA8CAD0042E954 /* Preview Assets.xcassets */ = {isa = PBXFileReference; lastKnownFileType = folder.assetcatalog; path = "Preview Assets.xcassets"; sourceTree = "<group>"; };
		D673CE0D25BA8CAD0042E954 /* Info.plist */ = {isa = PBXFileReference; lastKnownFileType = text.plist.xml; path = Info.plist; sourceTree = "<group>"; };
/* End PBXFileReference section */

/* Begin PBXFrameworksBuildPhase section */
		D673CDFE25BA8CAD0042E954 /* Frameworks */ = {
			isa = PBXFrameworksBuildPhase;
			buildActionMask = 2147483647;
			files = (
				D673CE1625BA8CFF0042E954 /* SwURL in Frameworks */,
			);
			runOnlyForDeploymentPostprocessing = 0;
		};
/* End PBXFrameworksBuildPhase section */

/* Begin PBXGroup section */
		D673CDF825BA8CAD0042E954 = {
			isa = PBXGroup;
			children = (
				D673CE0325BA8CAD0042E954 /* SwiftUIDownloadImages */,
				D673CE0225BA8CAD0042E954 /* Products */,
			);
			sourceTree = "<group>";
		};
		D673CE0225BA8CAD0042E954 /* Products */ = {
			isa = PBXGroup;
			children = (
				D673CE0125BA8CAD0042E954 /* SwiftUIDownloadImages.app */,
			);
			name = Products;
			sourceTree = "<group>";
		};
		D673CE0325BA8CAD0042E954 /* SwiftUIDownloadImages */ = {
			isa = PBXGroup;
			children = (
				D673CE0425BA8CAD0042E954 /* SwiftUIDownloadImagesApp.swift */,
				D673CE0625BA8CAD0042E954 /* ContentView.swift */,
				D673CE0825BA8CAD0042E954 /* Assets.xcassets */,
				D673CE0D25BA8CAD0042E954 /* Info.plist */,
				D673CE0A25BA8CAD0042E954 /* Preview Content */,
			);
			path = SwiftUIDownloadImages;
			sourceTree = "<group>";
		};
		D673CE0A25BA8CAD0042E954 /* Preview Content */ = {
			isa = PBXGroup;
			children = (
				D673CE0B25BA8CAD0042E954 /* Preview Assets.xcassets */,
			);
			path = "Preview Content";
			sourceTree = "<group>";
		};
/* End PBXGroup section */

/* Begin PBXNativeTarget section */
		D673CE0025BA8CAD0042E954 /* SwiftUIDownloadImages */ = {
			isa = PBXNativeTarget;
			buildConfigurationList = D673CE1025BA8CAD0042E954 /* Build configuration list for PBXNativeTarget "SwiftUIDownloadImages" */;
			buildPhases = (
				D673CDFD25BA8CAD0042E954 /* Sources */,
				D673CDFE25BA8CAD0042E954 /* Frameworks */,
				D673CDFF25BA8CAD0042E954 /* Resources */,
			);
			buildRules = (
			);
			dependencies = (
			);
			name = SwiftUIDownloadImages;
			packageProductDependencies = (
				D673CE1525BA8CFF0042E954 /* SwURL */,
			);
			productName = SwiftUIDownloadImages;
			productReference = D673CE0125BA8CAD0042E954 /* SwiftUIDownloadImages.app */;
			productType = "com.apple.product-type.application";
		};
/* End PBXNativeTarget section */

/* Begin PBXProject section */
		D673CDF925BA8CAD0042E954 /* Project object */ = {
			isa = PBXProject;
			attributes = {
				LastSwiftUpdateCheck = 1230;
				LastUpgradeCheck = 1230;
				TargetAttributes = {
					D673CE0025BA8CAD0042E954 = {
						CreatedOnToolsVersion = 12.3;
					};
				};
			};
			buildConfigurationList = D673CDFC25BA8CAD0042E954 /* Build configuration list for PBXProject "SwiftUIDownloadImages" */;
			compatibilityVersion = "Xcode 9.3";
			developmentRegion = en;
			hasScannedForEncodings = 0;
			knownRegions = (
				en,
				Base,
			);
			mainGroup = D673CDF825BA8CAD0042E954;
			packageReferences = (
				D673CE1425BA8CFF0042E954 /* XCRemoteSwiftPackageReference "SwURL" */,
			);
			productRefGroup = D673CE0225BA8CAD0042E954 /* Products */;
			projectDirPath = "";
			projectRoot = "";
			targets = (
				D673CE0025BA8CAD0042E954 /* SwiftUIDownloadImages */,
			);
		};
/* End PBXProject section */

/* Begin PBXResourcesBuildPhase section */
		D673CDFF25BA8CAD0042E954 /* Resources */ = {
			isa = PBXResourcesBuildPhase;
			buildActionMask = 2147483647;
			files = (
				D673CE0C25BA8CAD0042E954 /* Preview Assets.xcassets in Resources */,
				D673CE0925BA8CAD0042E954 /* Assets.xcassets in Resources */,
			);
			runOnlyForDeploymentPostprocessing = 0;
		};
/* End PBXResourcesBuildPhase section */

/* Begin PBXSourcesBuildPhase section */
		D673CDFD25BA8CAD0042E954 /* Sources */ = {
			isa = PBXSourcesBuildPhase;
			buildActionMask = 2147483647;
			files = (
				D673CE0725BA8CAD0042E954 /* ContentView.swift in Sources */,
				D673CE0525BA8CAD0042E954 /* SwiftUIDownloadImagesApp.swift in Sources */,
			);
			runOnlyForDeploymentPostprocessing = 0;
		};
/* End PBXSourcesBuildPhase section */

/* Begin XCBuildConfiguration section */
		D673CE0E25BA8CAD0042E954 /* Debug */ = {
			isa = XCBuildConfiguration;
			buildSettings = {
				ALWAYS_SEARCH_USER_PATHS = NO;
				CLANG_ANALYZER_NONNULL = YES;
				CLANG_ANALYZER_NUMBER_OBJECT_CONVERSION = YES_AGGRESSIVE;
				CLANG_CXX_LANGUAGE_STANDARD = "gnu++14";
				CLANG_CXX_LIBRARY = "libc++";
				CLANG_ENABLE_MODULES = YES;
				CLANG_ENABLE_OBJC_ARC = YES;
				CLANG_ENABLE_OBJC_WEAK = YES;
				CLANG_WARN_BLOCK_CAPTURE_AUTORELEASING = YES;
				CLANG_WARN_BOOL_CONVERSION = YES;
				CLANG_WARN_COMMA = YES;
				CLANG_WARN_CONSTANT_CONVERSION = YES;
				CLANG_WARN_DEPRECATED_OBJC_IMPLEMENTATIONS = YES;
				CLANG_WARN_DIRECT_OBJC_ISA_USAGE = YES_ERROR;
				CLANG_WARN_DOCUMENTATION_COMMENTS = YES;
				CLANG_WARN_EMPTY_BODY = YES;
				CLANG_WARN_ENUM_CONVERSION = YES;
				CLANG_WARN_INFINITE_RECURSION = YES;
				CLANG_WARN_INT_CONVERSION = YES;
				CLANG_WARN_NON_LITERAL_NULL_CONVERSION = YES;
				CLANG_WARN_OBJC_IMPLICIT_RETAIN_SELF = YES;
				CLANG_WARN_OBJC_LITERAL_CONVERSION = YES;
				CLANG_WARN_OBJC_ROOT_CLASS = YES_ERROR;
				CLANG_WARN_QUOTED_INCLUDE_IN_FRAMEWORK_HEADER = YES;
				CLANG_WARN_RANGE_LOOP_ANALYSIS = YES;
				CLANG_WARN_STRICT_PROTOTYPES = YES;
				CLANG_WARN_SUSPICIOUS_MOVE = YES;
				CLANG_WARN_UNGUARDED_AVAILABILITY = YES_AGGRESSIVE;
				CLANG_WARN_UNREACHABLE_CODE = YES;
				CLANG_WARN__DUPLICATE_METHOD_MATCH = YES;
				COPY_PHASE_STRIP = NO;
				DEBUG_INFORMATION_FORMAT = dwarf;
				ENABLE_STRICT_OBJC_MSGSEND = YES;
				ENABLE_TESTABILITY = YES;
				GCC_C_LANGUAGE_STANDARD = gnu11;
				GCC_DYNAMIC_NO_PIC = NO;
				GCC_NO_COMMON_BLOCKS = YES;
				GCC_OPTIMIZATION_LEVEL = 0;
				GCC_PREPROCESSOR_DEFINITIONS = (
					"DEBUG=1",
					"$(inherited)",
				);
				GCC_WARN_64_TO_32_BIT_CONVERSION = YES;
				GCC_WARN_ABOUT_RETURN_TYPE = YES_ERROR;
				GCC_WARN_UNDECLARED_SELECTOR = YES;
				GCC_WARN_UNINITIALIZED_AUTOS = YES_AGGRESSIVE;
				GCC_WARN_UNUSED_FUNCTION = YES;
				GCC_WARN_UNUSED_VARIABLE = YES;
				IPHONEOS_DEPLOYMENT_TARGET = 14.3;
				MTL_ENABLE_DEBUG_INFO = INCLUDE_SOURCE;
				MTL_FAST_MATH = YES;
				ONLY_ACTIVE_ARCH = YES;
				SDKROOT = iphoneos;
				SWIFT_ACTIVE_COMPILATION_CONDITIONS = DEBUG;
				SWIFT_OPTIMIZATION_LEVEL = "-Onone";
			};
			name = Debug;
		};
		D673CE0F25BA8CAD0042E954 /* Release */ = {
			isa = XCBuildConfiguration;
			buildSettings = {
				ALWAYS_SEARCH_USER_PATHS = NO;
				CLANG_ANALYZER_NONNULL = YES;
				CLANG_ANALYZER_NUMBER_OBJECT_CONVERSION = YES_AGGRESSIVE;
				CLANG_CXX_LANGUAGE_STANDARD = "gnu++14";
				CLANG_CXX_LIBRARY = "libc++";
				CLANG_ENABLE_MODULES = YES;
				CLANG_ENABLE_OBJC_ARC = YES;
				CLANG_ENABLE_OBJC_WEAK = YES;
				CLANG_WARN_BLOCK_CAPTURE_AUTORELEASING = YES;
				CLANG_WARN_BOOL_CONVERSION = YES;
				CLANG_WARN_COMMA = YES;
				CLANG_WARN_CONSTANT_CONVERSION = YES;
				CLANG_WARN_DEPRECATED_OBJC_IMPLEMENTATIONS = YES;
				CLANG_WARN_DIRECT_OBJC_ISA_USAGE = YES_ERROR;
				CLANG_WARN_DOCUMENTATION_COMMENTS = YES;
				CLANG_WARN_EMPTY_BODY = YES;
				CLANG_WARN_ENUM_CONVERSION = YES;
				CLANG_WARN_INFINITE_RECURSION = YES;
				CLANG_WARN_INT_CONVERSION = YES;
				CLANG_WARN_NON_LITERAL_NULL_CONVERSION = YES;
				CLANG_WARN_OBJC_IMPLICIT_RETAIN_SELF = YES;
				CLANG_WARN_OBJC_LITERAL_CONVERSION = YES;
				CLANG_WARN_OBJC_ROOT_CLASS = YES_ERROR;
				CLANG_WARN_QUOTED_INCLUDE_IN_FRAMEWORK_HEADER = YES;
				CLANG_WARN_RANGE_LOOP_ANALYSIS = YES;
				CLANG_WARN_STRICT_PROTOTYPES = YES;
				CLANG_WARN_SUSPICIOUS_MOVE = YES;
				CLANG_WARN_UNGUARDED_AVAILABILITY = YES_AGGRESSIVE;
				CLANG_WARN_UNREACHABLE_CODE = YES;
				CLANG_WARN__DUPLICATE_METHOD_MATCH = YES;
				COPY_PHASE_STRIP = NO;
				DEBUG_INFORMATION_FORMAT = "dwarf-with-dsym";
				ENABLE_NS_ASSERTIONS = NO;
				ENABLE_STRICT_OBJC_MSGSEND = YES;
				GCC_C_LANGUAGE_STANDARD = gnu11;
				GCC_NO_COMMON_BLOCKS = YES;
				GCC_WARN_64_TO_32_BIT_CONVERSION = YES;
				GCC_WARN_ABOUT_RETURN_TYPE = YES_ERROR;
				GCC_WARN_UNDECLARED_SELECTOR = YES;
				GCC_WARN_UNINITIALIZED_AUTOS = YES_AGGRESSIVE;
				GCC_WARN_UNUSED_FUNCTION = YES;
				GCC_WARN_UNUSED_VARIABLE = YES;
				IPHONEOS_DEPLOYMENT_TARGET = 14.3;
				MTL_ENABLE_DEBUG_INFO = NO;
				MTL_FAST_MATH = YES;
				SDKROOT = iphoneos;
				SWIFT_COMPILATION_MODE = wholemodule;
				SWIFT_OPTIMIZATION_LEVEL = "-O";
				VALIDATE_PRODUCT = YES;
			};
			name = Release;
		};
		D673CE1125BA8CAD0042E954 /* Debug */ = {
			isa = XCBuildConfiguration;
			buildSettings = {
				ASSETCATALOG_COMPILER_APPICON_NAME = AppIcon;
				ASSETCATALOG_COMPILER_GLOBAL_ACCENT_COLOR_NAME = AccentColor;
				CODE_SIGN_STYLE = Automatic;
				DEVELOPMENT_ASSET_PATHS = "\"SwiftUIDownloadImages/Preview Content\"";
				DEVELOPMENT_TEAM = ND38VD9UA2;
				ENABLE_PREVIEWS = YES;
				INFOPLIST_FILE = SwiftUIDownloadImages/Info.plist;
				IPHONEOS_DEPLOYMENT_TARGET = 14.0;
				LD_RUNPATH_SEARCH_PATHS = (
					"$(inherited)",
					"@executable_path/Frameworks",
				);
				PRODUCT_BUNDLE_IDENTIFIER = com.ngodangtan.SwiftUIDownloadImages;
				PRODUCT_NAME = "$(TARGET_NAME)";
				SWIFT_VERSION = 5.0;
				TARGETED_DEVICE_FAMILY = "1,2";
			};
			name = Debug;
		};
		D673CE1225BA8CAD0042E954 /* Release */ = {
			isa = XCBuildConfiguration;
			buildSettings = {
				ASSETCATALOG_COMPILER_APPICON_NAME = AppIcon;
				ASSETCATALOG_COMPILER_GLOBAL_ACCENT_COLOR_NAME = AccentColor;
				CODE_SIGN_STYLE = Automatic;
				DEVELOPMENT_ASSET_PATHS = "\"SwiftUIDownloadImages/Preview Content\"";
				DEVELOPMENT_TEAM = ND38VD9UA2;
				ENABLE_PREVIEWS = YES;
				INFOPLIST_FILE = SwiftUIDownloadImages/Info.plist;
				IPHONEOS_DEPLOYMENT_TARGET = 14.0;
				LD_RUNPATH_SEARCH_PATHS = (
					"$(inherited)",
					"@executable_path/Frameworks",
				);
				PRODUCT_BUNDLE_IDENTIFIER = com.ngodangtan.SwiftUIDownloadImages;
				PRODUCT_NAME = "$(TARGET_NAME)";
				SWIFT_VERSION = 5.0;
				TARGETED_DEVICE_FAMILY = "1,2";
			};
			name = Release;
		};
/* End XCBuildConfiguration section */

/* Begin XCConfigurationList section */
		D673CDFC25BA8CAD0042E954 /* Build configuration list for PBXProject "SwiftUIDownloadImages" */ = {
			isa = XCConfigurationList;
			buildConfigurations = (
				D673CE0E25BA8CAD0042E954 /* Debug */,
				D673CE0F25BA8CAD0042E954 /* Release */,
			);
			defaultConfigurationIsVisible = 0;
			defaultConfigurationName = Release;
		};
		D673CE1025BA8CAD0042E954 /* Build configuration list for PBXNativeTarget "SwiftUIDownloadImages" */ = {
			isa = XCConfigurationList;
			buildConfigurations = (
				D673CE1125BA8CAD0042E954 /* Debug */,
				D673CE1225BA8CAD0042E954 /* Release */,
			);
			defaultConfigurationIsVisible = 0;
			defaultConfigurationName = Release;
		};
/* End XCConfigurationList section */

/* Begin XCRemoteSwiftPackageReference section */
		D673CE1425BA8CFF0042E954 /* XCRemoteSwiftPackageReference "SwURL" */ = {
			isa = XCRemoteSwiftPackageReference;
			repositoryURL = "https://github.com/cmtrounce/SwURL";
			requirement = {
				kind = upToNextMajorVersion;
				minimumVersion = 0.4.0;
			};
		};
/* End XCRemoteSwiftPackageReference section */

/* Begin XCSwiftPackageProductDependency section */
		D673CE1525BA8CFF0042E954 /* SwURL */ = {
			isa = XCSwiftPackageProductDependency;
			package = D673CE1425BA8CFF0042E954 /* XCRemoteSwiftPackageReference "SwURL" */;
			productName = SwURL;
		};
/* End XCSwiftPackageProductDependency section */
	};
	rootObject = D673CDF925BA8CAD0042E954 /* Project object */;
}
